
Microsoft Visual Studio Solution File, Format Version 12.00
# Visual Studio Version 16
VisualStudioVersion = 16.0.30225.117
MinimumVisualStudioVersion = 10.0.40219.1
Project("{2150E333-8FDC-42A3-9474-1A3956D46DE8}") = "Solution Items", "Solution Items", "{EFEC8BD4-CC43-44B5-97A4-F3081B2B225E}"
	ProjectSection(SolutionItems) = preProject
		Empty.cs = Empty.cs
	EndProjectSection
EndProject
Project("{2150E333-8FDC-42A3-9474-1A3956D46DE8}") = "Practice", "Practice", "{CA4DD320-B7ED-4BE0-A8DC-FAEF57F709F5}"
EndProject
Project("{2150E333-8FDC-42A3-9474-1A3956D46DE8}") = "Compete", "Compete", "{96B72E5A-2D4F-4B6F-8CC8-17C4C09272CE}"
EndProject
Project("{2150E333-8FDC-42A3-9474-1A3956D46DE8}") = "Utils", "Utils", "{1D5A5AAA-8E85-4FA9-BE14-82C0CB0A39CA}"
EndProject
Project("{9A19103F-16F7-4668-BE54-9A1E7A4F7556}") = "Hack the Interview IV (U.S.)", "HackerRank\Compete\Hack the Interview IV (U.S.)\Hack the Interview IV (U.S.).csproj", "{602F7B6D-236F-4467-9A5E-58247721E29E}"
EndProject
Project("{9A19103F-16F7-4668-BE54-9A1E7A4F7556}") = "Hack the Interview V (Asia Pacific)", "HackerRank\Compete\Hack the Interview V (Asia Pacific)\Hack the Interview V (Asia Pacific).csproj", "{3182B73B-2E0A-445D-9B02-A2914B8244B2}"
EndProject
Project("{9A19103F-16F7-4668-BE54-9A1E7A4F7556}") = "Common", "HackerRank\Utils\Common\Common.csproj", "{09AA5A0B-AB4D-43A8-A0CC-64EA6A08D6C8}"
EndProject
Project("{9A19103F-16F7-4668-BE54-9A1E7A4F7556}") = "Algorithms", "HackerRank\Practice\Algorithms\Algorithms.csproj", "{AC42CE48-4069-4F99-809B-E6F396122FAB}"
EndProject
Project("{9A19103F-16F7-4668-BE54-9A1E7A4F7556}") = "Mathematics", "HackerRank\Practice\Mathematics\Mathematics.csproj", "{EFAB9294-6AD2-43EC-9CCA-27091A71A6DE}"
EndProject
Project("{2150E333-8FDC-42A3-9474-1A3956D46DE8}") = "Daily Interview Pro", "Daily Interview Pro", "{CB9DE6AA-A10C-4C6F-AF49-F720F700FC64}"
EndProject
Project("{2150E333-8FDC-42A3-9474-1A3956D46DE8}") = "HackerRank", "HackerRank", "{5A5E209A-E0A3-4F64-809B-1F38C96F3EA5}"
EndProject
Project("{9A19103F-16F7-4668-BE54-9A1E7A4F7556}") = "DailyInterviewPro", "DailyInterviewPro\DailyInterviewPro.csproj", "{8AD286F1-199A-4488-8266-211D85E17EF3}"
EndProject
Project("{FAE04EC0-301F-11D3-BF4B-00C04F79EFBC}") = "SampleTest", "SampleTest\SampleTest.csproj", "{70E07591-4F9D-49D8-91FF-66221C63AE68}"
EndProject
Project("{FAE04EC0-301F-11D3-BF4B-00C04F79EFBC}") = "Benchmark", "Benchmark\Benchmark\Benchmark.csproj", "{CF0016C6-E524-4366-80CD-45040A6C52B1}"
EndProject
Global
	GlobalSection(SolutionConfigurationPlatforms) = preSolution
		Debug|Any CPU = Debug|Any CPU
		Release|Any CPU = Release|Any CPU
	EndGlobalSection
	GlobalSection(ProjectConfigurationPlatforms) = postSolution
		{602F7B6D-236F-4467-9A5E-58247721E29E}.Debug|Any CPU.ActiveCfg = Debug|Any CPU
		{602F7B6D-236F-4467-9A5E-58247721E29E}.Debug|Any CPU.Build.0 = Debug|Any CPU
		{602F7B6D-236F-4467-9A5E-58247721E29E}.Release|Any CPU.ActiveCfg = Release|Any CPU
		{602F7B6D-236F-4467-9A5E-58247721E29E}.Release|Any CPU.Build.0 = Release|Any CPU
		{3182B73B-2E0A-445D-9B02-A2914B8244B2}.Debug|Any CPU.ActiveCfg = Debug|Any CPU
		{3182B73B-2E0A-445D-9B02-A2914B8244B2}.Debug|Any CPU.Build.0 = Debug|Any CPU
		{3182B73B-2E0A-445D-9B02-A2914B8244B2}.Release|Any CPU.ActiveCfg = Release|Any CPU
		{3182B73B-2E0A-445D-9B02-A2914B8244B2}.Release|Any CPU.Build.0 = Release|Any CPU
		{09AA5A0B-AB4D-43A8-A0CC-64EA6A08D6C8}.Debug|Any CPU.ActiveCfg = Debug|Any CPU
		{09AA5A0B-AB4D-43A8-A0CC-64EA6A08D6C8}.Debug|Any CPU.Build.0 = Debug|Any CPU
		{09AA5A0B-AB4D-43A8-A0CC-64EA6A08D6C8}.Release|Any CPU.ActiveCfg = Release|Any CPU
		{09AA5A0B-AB4D-43A8-A0CC-64EA6A08D6C8}.Release|Any CPU.Build.0 = Release|Any CPU
		{AC42CE48-4069-4F99-809B-E6F396122FAB}.Debug|Any CPU.ActiveCfg = Debug|Any CPU
		{AC42CE48-4069-4F99-809B-E6F396122FAB}.Debug|Any CPU.Build.0 = Debug|Any CPU
		{AC42CE48-4069-4F99-809B-E6F396122FAB}.Release|Any CPU.ActiveCfg = Release|Any CPU
		{AC42CE48-4069-4F99-809B-E6F396122FAB}.Release|Any CPU.Build.0 = Release|Any CPU
		{EFAB9294-6AD2-43EC-9CCA-27091A71A6DE}.Debug|Any CPU.ActiveCfg = Debug|Any CPU
		{EFAB9294-6AD2-43EC-9CCA-27091A71A6DE}.Debug|Any CPU.Build.0 = Debug|Any CPU
		{EFAB9294-6AD2-43EC-9CCA-27091A71A6DE}.Release|Any CPU.ActiveCfg = Release|Any CPU
		{EFAB9294-6AD2-43EC-9CCA-27091A71A6DE}.Release|Any CPU.Build.0 = Release|Any CPU
		{8AD286F1-199A-4488-8266-211D85E17EF3}.Debug|Any CPU.ActiveCfg = Debug|Any CPU
		{8AD286F1-199A-4488-8266-211D85E17EF3}.Debug|Any CPU.Build.0 = Debug|Any CPU
		{8AD286F1-199A-4488-8266-211D85E17EF3}.Release|Any CPU.ActiveCfg = Release|Any CPU
		{8AD286F1-199A-4488-8266-211D85E17EF3}.Release|Any CPU.Build.0 = Release|Any CPU
		{70E07591-4F9D-49D8-91FF-66221C63AE68}.Debug|Any CPU.ActiveCfg = Debug|Any CPU
		{70E07591-4F9D-49D8-91FF-66221C63AE68}.Debug|Any CPU.Build.0 = Debug|Any CPU
		{70E07591-4F9D-49D8-91FF-66221C63AE68}.Release|Any CPU.ActiveCfg = Release|Any CPU
		{70E07591-4F9D-49D8-91FF-66221C63AE68}.Release|Any CPU.Build.0 = Release|Any CPU
		{CF0016C6-E524-4366-80CD-45040A6C52B1}.Debug|Any CPU.ActiveCfg = Debug|Any CPU
		{CF0016C6-E524-4366-80CD-45040A6C52B1}.Debug|Any CPU.Build.0 = Debug|Any CPU
		{CF0016C6-E524-4366-80CD-45040A6C52B1}.Release|Any CPU.ActiveCfg = Release|Any CPU
		{CF0016C6-E524-4366-80CD-45040A6C52B1}.Release|Any CPU.Build.0 = Release|Any CPU
	EndGlobalSection
	GlobalSection(SolutionProperties) = preSolution
		HideSolutionNode = FALSE
	EndGlobalSection
	GlobalSection(NestedProjects) = preSolution
		{CA4DD320-B7ED-4BE0-A8DC-FAEF57F709F5} = {5A5E209A-E0A3-4F64-809B-1F38C96F3EA5}
		{96B72E5A-2D4F-4B6F-8CC8-17C4C09272CE} = {5A5E209A-E0A3-4F64-809B-1F38C96F3EA5}
		{602F7B6D-236F-4467-9A5E-58247721E29E} = {96B72E5A-2D4F-4B6F-8CC8-17C4C09272CE}
		{3182B73B-2E0A-445D-9B02-A2914B8244B2} = {96B72E5A-2D4F-4B6F-8CC8-17C4C09272CE}
		{09AA5A0B-AB4D-43A8-A0CC-64EA6A08D6C8} = {1D5A5AAA-8E85-4FA9-BE14-82C0CB0A39CA}
		{AC42CE48-4069-4F99-809B-E6F396122FAB} = {CA4DD320-B7ED-4BE0-A8DC-FAEF57F709F5}
		{EFAB9294-6AD2-43EC-9CCA-27091A71A6DE} = {CA4DD320-B7ED-4BE0-A8DC-FAEF57F709F5}
		{8AD286F1-199A-4488-8266-211D85E17EF3} = {CB9DE6AA-A10C-4C6F-AF49-F720F700FC64}
		{70E07591-4F9D-49D8-91FF-66221C63AE68} = {1D5A5AAA-8E85-4FA9-BE14-82C0CB0A39CA}
		{CF0016C6-E524-4366-80CD-45040A6C52B1} = {1D5A5AAA-8E85-4FA9-BE14-82C0CB0A39CA}
	EndGlobalSection
	GlobalSection(ExtensibilityGlobals) = postSolution
		SolutionGuid = {DB7F5DB1-5C73-4A40-9AB1-1BE49BD12202}
	EndGlobalSection
EndGlobal
